Microsoft Visual Studio Solution File, Format Version 12.00
# Visual Studio Version 17
VisualStudioVersion = 17.5.2.0
MinimumVisualStudioVersion = 10.0.40219.1
Project("{FAE04EC0-301F-11D3-BF4B-00C04F79EFBC}") = "32MB", "32MB.csproj", "{0584C5E8-2438-A987-4AB6-2EBAB1B80A23}"
EndProject
Global
	GlobalSection(SolutionConfigurationPlatforms) = preSolution
		Debug|Any CPU = Debug|Any CPU
		Release|Any CPU = Release|Any CPU
	EndGlobalSection
	GlobalSection(ProjectConfigurationPlatforms) = postSolution
		{0584C5E8-2438-A987-4AB6-2EBAB1B80A23}.Debug|Any CPU.ActiveCfg = Debug|Any CPU
		{0584C5E8-2438-A987-4AB6-2EBAB1B80A23}.Debug|Any CPU.Build.0 = Debug|Any CPU
		{0584C5E8-2438-A987-4AB6-2EBAB1B80A23}.Release|Any CPU.ActiveCfg = Release|Any CPU
		{0584C5E8-2438-A987-4AB6-2EBAB1B80A23}.Release|Any CPU.Build.0 = Release|Any CPU
	EndGlobalSection
	GlobalSection(SolutionProperties) = preSolution
		HideSolutionNode = FALSE
	EndGlobalSection
	GlobalSection(ExtensibilityGlobals) = postSolution
		SolutionGuid = {F01B96CD-8EA1-497E-91BE-FD5A9F4ED292}
	EndGlobalSection
EndGlobal
